// !$*UTF8*$!
{
	archiveVersion = 1;
	classes = {
	};
	objectVersion = 77;
	objects = {

/* Begin PBXBuildFile section */
		C83961512F12DB2D00ABCA07 /* PersonRow.swift in Sources */ = {isa = PBXBuildFile; fileRef = C83961502F12DB2D00ABCA07 /* PersonRow.swift */; };
		C83961532F12DB9000ABCA07 /* InfoRow.swift in Sources */ = {isa = PBXBuildFile; fileRef = C83961522F12DB9000ABCA07 /* InfoRow.swift */; };
		C86312962F12B78D0023ADB0 /* PersonDTO.swift in Sources */ = {isa = PBXBuildFile; fileRef = C86312952F12B78D0023ADB0 /* PersonDTO.swift */; };
		C86312A22F12B7A70023ADB0 /* Person.swift in Sources */ = {isa = PBXBuildFile; fileRef = C863129D2F12B7A70023ADB0 /* Person.swift */; };
		C86312A42F12BB6E0023ADB0 /* StatCard.swift in Sources */ = {isa = PBXBuildFile; fileRef = C86312A32F12BB6E0023ADB0 /* StatCard.swift */; };
		C86312A62F12C0C40023ADB0 /* WikiCategoryRow.swift in Sources */ = {isa = PBXBuildFile; fileRef = C86312A52F12C0C40023ADB0 /* WikiCategoryRow.swift */; };
		C86312A82F12C33B0023ADB0 /* PeopleListView.swift in Sources */ = {isa = PBXBuildFile; fileRef = C86312A72F12C33B0023ADB0 /* PeopleListView.swift */; };
		C8878D942F0C373E00DA272C /* SavedFilter.swift in Sources */ = {isa = PBXBuildFile; fileRef = C8878D932F0C373E00DA272C /* SavedFilter.swift */; };
		C8878D962F0C3A3600DA272C /* FilmDetailComponents.swift in Sources */ = {isa = PBXBuildFile; fileRef = C8878D952F0C3A3600DA272C /* FilmDetailComponents.swift */; };
		C891ABC92F102020005CAEF4 /* Styles.swift in Sources */ = {isa = PBXBuildFile; fileRef = C891ABC82F102020005CAEF4 /* Styles.swift */; };
		C89EB4932F13B83000E759ED /* VehicleDTO.swift in Sources */ = {isa = PBXBuildFile; fileRef = C89EB4922F13B83000E759ED /* VehicleDTO.swift */; };
		C89EB4952F13B86B00E759ED /* Vehicle.swift in Sources */ = {isa = PBXBuildFile; fileRef = C89EB4942F13B86B00E759ED /* Vehicle.swift */; };
		C89EB4972F13BBBC00E759ED /* VehicleListView.swift in Sources */ = {isa = PBXBuildFile; fileRef = C89EB4962F13BBBC00E759ED /* VehicleListView.swift */; };
		C89EB4992F13BC0400E759ED /* VehicleRow.swift in Sources */ = {isa = PBXBuildFile; fileRef = C89EB4982F13BC0400E759ED /* VehicleRow.swift */; };
		C89EB49B2F13BFF400E759ED /* WikiCategory.swift in Sources */ = {isa = PBXBuildFile; fileRef = C89EB49A2F13BFF400E759ED /* WikiCategory.swift */; };
		C89EB49D2F13C01900E759ED /* WikiCategoryListView.swift in Sources */ = {isa = PBXBuildFile; fileRef = C89EB49C2F13C01900E759ED /* WikiCategoryListView.swift */; };
		C89EB49F2F13C14E00E759ED /* LocationDTO.swift in Sources */ = {isa = PBXBuildFile; fileRef = C89EB49E2F13C14E00E759ED /* LocationDTO.swift */; };
		C89EB4A12F13C15800E759ED /* Location.swift in Sources */ = {isa = PBXBuildFile; fileRef = C89EB4A02F13C15800E759ED /* Location.swift */; };
		C89EB4A32F13C31A00E759ED /* LocationRow.swift in Sources */ = {isa = PBXBuildFile; fileRef = C89EB4A22F13C31A00E759ED /* LocationRow.swift */; };
		C89EB4A52F13C33700E759ED /* LocationListView.swift in Sources */ = {isa = PBXBuildFile; fileRef = C89EB4A42F13C33700E759ED /* LocationListView.swift */; };
		C8BE163C2F0E738C00CC1920 /* ProfileView.swift in Sources */ = {isa = PBXBuildFile; fileRef = C8BE163B2F0E738C00CC1920 /* ProfileView.swift */; };
		C8BE163E2F0E7D6A00CC1920 /* ProfileGradient.swift in Sources */ = {isa = PBXBuildFile; fileRef = C8BE163D2F0E7D6A00CC1920 /* ProfileGradient.swift */; };
		C8BE16402F0E7F1F00CC1920 /* ProfileImagePicker.swift in Sources */ = {isa = PBXBuildFile; fileRef = C8BE163F2F0E7F1F00CC1920 /* ProfileImagePicker.swift */; };
		C8BE16422F0EAA8900CC1920 /* FilmsGridView.swift in Sources */ = {isa = PBXBuildFile; fileRef = C8BE16412F0EAA8900CC1920 /* FilmsGridView.swift */; };
		C8BE16442F0EB46D00CC1920 /* CachedFilmCard.swift in Sources */ = {isa = PBXBuildFile; fileRef = C8BE16432F0EB46D00CC1920 /* CachedFilmCard.swift */; };
		C8BE16482F0FC48B00CC1920 /* FilmCategoryRow.swift in Sources */ = {isa = PBXBuildFile; fileRef = C8BE16472F0FC48B00CC1920 /* FilmCategoryRow.swift */; };
		C8BE164A2F0FC6B700CC1920 /* FilmSearchField.swift in Sources */ = {isa = PBXBuildFile; fileRef = C8BE16492F0FC6B700CC1920 /* FilmSearchField.swift */; };
		C8BE164C2F0FC9CC00CC1920 /* Profile.swift in Sources */ = {isa = PBXBuildFile; fileRef = C8BE164B2F0FC9CC00CC1920 /* Profile.swift */; };
		C8BE164E2F0FCDB200CC1920 /* ProfileDataContainer.swift in Sources */ = {isa = PBXBuildFile; fileRef = C8BE164D2F0FCDB200CC1920 /* ProfileDataContainer.swift */; };
		C8BE16542F1000AA00CC1920 /* ProfileEmoji.swift in Sources */ = {isa = PBXBuildFile; fileRef = C8BE16532F1000AA00CC1920 /* ProfileEmoji.swift */; };
		C8C66A522F0BB59700A242F3 /* Assets.xcassets in Resources */ = {isa = PBXBuildFile; fileRef = C8C66A4E2F0BB59700A242F3 /* Assets.xcassets */; };
		C8C66A532F0BB59700A242F3 /* ContentView.swift in Sources */ = {isa = PBXBuildFile; fileRef = C8C66A4F2F0BB59700A242F3 /* ContentView.swift */; };
		C8C66A542F0BB59700A242F3 /* Ghibli_filmsApp.swift in Sources */ = {isa = PBXBuildFile; fileRef = C8C66A502F0BB59700A242F3 /* Ghibli_filmsApp.swift */; };
		C8C66A5A2F0BB78200A242F3 /* FilmDTO.swift in Sources */ = {isa = PBXBuildFile; fileRef = C8C66A592F0BB78200A242F3 /* FilmDTO.swift */; };
		C8C66A5C2F0BB79000A242F3 /* Film.swift in Sources */ = {isa = PBXBuildFile; fileRef = C8C66A5B2F0BB79000A242F3 /* Film.swift */; };
		C8C66A5F2F0BB82600A242F3 /* NetworkRepository.swift in Sources */ = {isa = PBXBuildFile; fileRef = C8C66A5E2F0BB82600A242F3 /* NetworkRepository.swift */; };
		C8C66A662F0BB87600A242F3 /* NetworkError.swift in Sources */ = {isa = PBXBuildFile; fileRef = C8C66A632F0BB87600A242F3 /* NetworkError.swift */; };
		C8C66A672F0BB87600A242F3 /* NetworkInteractor.swift in Sources */ = {isa = PBXBuildFile; fileRef = C8C66A642F0BB87600A242F3 /* NetworkInteractor.swift */; };
		C8C66A682F0BB87600A242F3 /* URL.swift in Sources */ = {isa = PBXBuildFile; fileRef = C8C66A612F0BB87600A242F3 /* URL.swift */; };
		C8C66A692F0BB87600A242F3 /* URLSession.swift in Sources */ = {isa = PBXBuildFile; fileRef = C8C66A652F0BB87600A242F3 /* URLSession.swift */; };
		C8C66A6A2F0BB87600A242F3 /* URLRequest.swift in Sources */ = {isa = PBXBuildFile; fileRef = C8C66A622F0BB87600A242F3 /* URLRequest.swift */; };
		C8C66A6D2F0BBA6200A242F3 /* FilmViewModel.swift in Sources */ = {isa = PBXBuildFile; fileRef = C8C66A6C2F0BBA6200A242F3 /* FilmViewModel.swift */; };
		C8C66A6F2F0BBBD500A242F3 /* FilmsListView.swift in Sources */ = {isa = PBXBuildFile; fileRef = C8C66A6E2F0BBBD500A242F3 /* FilmsListView.swift */; };
		C8C66A712F0BBED000A242F3 /* ImageDownloader.swift in Sources */ = {isa = PBXBuildFile; fileRef = C8C66A702F0BBED000A242F3 /* ImageDownloader.swift */; };
		C8C66A742F0BBF2E00A242F3 /* FilmRow.swift in Sources */ = {isa = PBXBuildFile; fileRef = C8C66A732F0BBF2E00A242F3 /* FilmRow.swift */; };
		C8C66A762F0BC00E00A242F3 /* FilmDetail.swift in Sources */ = {isa = PBXBuildFile; fileRef = C8C66A752F0BC00E00A242F3 /* FilmDetail.swift */; };
		C8C66A792F0BC05B00A242F3 /* UIImage.swift in Sources */ = {isa = PBXBuildFile; fileRef = C8C66A782F0BC05B00A242F3 /* UIImage.swift */; };
		C8C66A7B2F0BCFAE00A242F3 /* FeaturedFilmCard.swift in Sources */ = {isa = PBXBuildFile; fileRef = C8C66A7A2F0BCFAE00A242F3 /* FeaturedFilmCard.swift */; };
		C8C66A7D2F0BD19B00A242F3 /* FilmsCarrousel.swift in Sources */ = {isa = PBXBuildFile; fileRef = C8C66A7C2F0BD19A00A242F3 /* FilmsCarrousel.swift */; };
		C8C66A7F2F0BD6D500A242F3 /* FilmList.swift in Sources */ = {isa = PBXBuildFile; fileRef = C8C66A7E2F0BD6D500A242F3 /* FilmList.swift */; };
		C8C66A812F0BDFC100A242F3 /* SearchView.swift in Sources */ = {isa = PBXBuildFile; fileRef = C8C66A802F0BDFC100A242F3 /* SearchView.swift */; };
		C8C66A832F0BE57700A242F3 /* SearchVm.swift in Sources */ = {isa = PBXBuildFile; fileRef = C8C66A822F0BE57700A242F3 /* SearchVm.swift */; };
		C8C66A852F0BF81A00A242F3 /* WikiView.swift in Sources */ = {isa = PBXBuildFile; fileRef = C8C66A842F0BF81A00A242F3 /* WikiView.swift */; };
		C8C66A8D2F0C026200A242F3 /* DataContainer.swift in Sources */ = {isa = PBXBuildFile; fileRef = C8C66A8C2F0C026200A242F3 /* DataContainer.swift */; };
		C8C66A8F2F0C128200A242F3 /* FavoritesFilm.swift in Sources */ = {isa = PBXBuildFile; fileRef = C8C66A8E2F0C128200A242F3 /* FavoritesFilm.swift */; };
		C8F1ABC12F10300000000001 /* FilmRowComponents.swift in Sources */ = {isa = PBXBuildFile; fileRef = C8F1ABC02F10300000000001 /* FilmRowComponents.swift */; };
		C8F1ABC32F10300000000002 /* ProfileImagePickerComponents.swift in Sources */ = {isa = PBXBuildFile; fileRef = C8F1ABC22F10300000000002 /* ProfileImagePickerComponents.swift */; };
		C8F1ABC52F10300000000003 /* FilmSearchFieldComponents.swift in Sources */ = {isa = PBXBuildFile; fileRef = C8F1ABC42F10300000000003 /* FilmSearchFieldComponents.swift */; };
/* End PBXBuildFile section */

/* Begin PBXFileReference section */
		C83961502F12DB2D00ABCA07 /* PersonRow.swift */ = {isa = PBXFileReference; lastKnownFileType = sourcecode.swift; path = PersonRow.swift; sourceTree = "<group>"; };
		C83961522F12DB9000ABCA07 /* InfoRow.swift */ = {isa = PBXFileReference; lastKnownFileType = sourcecode.swift; path = InfoRow.swift; sourceTree = "<group>"; };
		C86312952F12B78D0023ADB0 /* PersonDTO.swift */ = {isa = PBXFileReference; lastKnownFileType = sourcecode.swift; path = PersonDTO.swift; sourceTree = "<group>"; };
		C863129D2F12B7A70023ADB0 /* Person.swift */ = {isa = PBXFileReference; lastKnownFileType = sourcecode.swift; path = Person.swift; sourceTree = "<group>"; };
		C86312A32F12BB6E0023ADB0 /* StatCard.swift */ = {isa = PBXFileReference; lastKnownFileType = sourcecode.swift; path = StatCard.swift; sourceTree = "<group>"; };
		C86312A52F12C0C40023ADB0 /* WikiCategoryRow.swift */ = {isa = PBXFileReference; lastKnownFileType = sourcecode.swift; path = WikiCategoryRow.swift; sourceTree = "<group>"; };
		C86312A72F12C33B0023ADB0 /* PeopleListView.swift */ = {isa = PBXFileReference; lastKnownFileType = sourcecode.swift; path = PeopleListView.swift; sourceTree = "<group>"; };
		C8878D932F0C373E00DA272C /* SavedFilter.swift */ = {isa = PBXFileReference; lastKnownFileType = sourcecode.swift; path = SavedFilter.swift; sourceTree = "<group>"; };
		C8878D952F0C3A3600DA272C /* FilmDetailComponents.swift */ = {isa = PBXFileReference; lastKnownFileType = sourcecode.swift; path = FilmDetailComponents.swift; sourceTree = "<group>"; };
		C891ABC82F102020005CAEF4 /* Styles.swift */ = {isa = PBXFileReference; lastKnownFileType = sourcecode.swift; path = Styles.swift; sourceTree = "<group>"; };
		C89EB4922F13B83000E759ED /* VehicleDTO.swift */ = {isa = PBXFileReference; lastKnownFileType = sourcecode.swift; path = VehicleDTO.swift; sourceTree = "<group>"; };
		C89EB4942F13B86B00E759ED /* Vehicle.swift */ = {isa = PBXFileReference; lastKnownFileType = sourcecode.swift; path = Vehicle.swift; sourceTree = "<group>"; };
		C89EB4962F13BBBC00E759ED /* VehicleListView.swift */ = {isa = PBXFileReference; lastKnownFileType = sourcecode.swift; path = VehicleListView.swift; sourceTree = "<group>"; };
		C89EB4982F13BC0400E759ED /* VehicleRow.swift */ = {isa = PBXFileReference; lastKnownFileType = sourcecode.swift; path = VehicleRow.swift; sourceTree = "<group>"; };
		C89EB49A2F13BFF400E759ED /* WikiCategory.swift */ = {isa = PBXFileReference; lastKnownFileType = sourcecode.swift; path = WikiCategory.swift; sourceTree = "<group>"; };
		C89EB49C2F13C01900E759ED /* WikiCategoryListView.swift */ = {isa = PBXFileReference; lastKnownFileType = sourcecode.swift; path = WikiCategoryListView.swift; sourceTree = "<group>"; };
		C89EB49E2F13C14E00E759ED /* LocationDTO.swift */ = {isa = PBXFileReference; lastKnownFileType = sourcecode.swift; path = LocationDTO.swift; sourceTree = "<group>"; };
		C89EB4A02F13C15800E759ED /* Location.swift */ = {isa = PBXFileReference; lastKnownFileType = sourcecode.swift; path = Location.swift; sourceTree = "<group>"; };
		C89EB4A22F13C31A00E759ED /* LocationRow.swift */ = {isa = PBXFileReference; lastKnownFileType = sourcecode.swift; path = LocationRow.swift; sourceTree = "<group>"; };
		C89EB4A42F13C33700E759ED /* LocationListView.swift */ = {isa = PBXFileReference; lastKnownFileType = sourcecode.swift; path = LocationListView.swift; sourceTree = "<group>"; };
		C8BE163B2F0E738C00CC1920 /* ProfileView.swift */ = {isa = PBXFileReference; lastKnownFileType = sourcecode.swift; path = ProfileView.swift; sourceTree = "<group>"; };
		C8BE163D2F0E7D6A00CC1920 /* ProfileGradient.swift */ = {isa = PBXFileReference; lastKnownFileType = sourcecode.swift; path = ProfileGradient.swift; sourceTree = "<group>"; };
		C8BE163F2F0E7F1F00CC1920 /* ProfileImagePicker.swift */ = {isa = PBXFileReference; lastKnownFileType = sourcecode.swift; path = ProfileImagePicker.swift; sourceTree = "<group>"; };
		C8BE16412F0EAA8900CC1920 /* FilmsGridView.swift */ = {isa = PBXFileReference; lastKnownFileType = sourcecode.swift; path = FilmsGridView.swift; sourceTree = "<group>"; };
		C8BE16432F0EB46D00CC1920 /* CachedFilmCard.swift */ = {isa = PBXFileReference; lastKnownFileType = sourcecode.swift; path = CachedFilmCard.swift; sourceTree = "<group>"; };
		C8BE16472F0FC48B00CC1920 /* FilmCategoryRow.swift */ = {isa = PBXFileReference; lastKnownFileType = sourcecode.swift; path = FilmCategoryRow.swift; sourceTree = "<group>"; };
		C8BE16492F0FC6B700CC1920 /* FilmSearchField.swift */ = {isa = PBXFileReference; lastKnownFileType = sourcecode.swift; path = FilmSearchField.swift; sourceTree = "<group>"; };
		C8BE164B2F0FC9CC00CC1920 /* Profile.swift */ = {isa = PBXFileReference; lastKnownFileType = sourcecode.swift; path = Profile.swift; sourceTree = "<group>"; };
		C8BE164D2F0FCDB200CC1920 /* ProfileDataContainer.swift */ = {isa = PBXFileReference; lastKnownFileType = sourcecode.swift; path = ProfileDataContainer.swift; sourceTree = "<group>"; };
		C8BE16532F1000AA00CC1920 /* ProfileEmoji.swift */ = {isa = PBXFileReference; lastKnownFileType = sourcecode.swift; path = ProfileEmoji.swift; sourceTree = "<group>"; };
		C8C66A402F0BB4EE00A242F3 /* Ghibli films.app */ = {isa = PBXFileReference; explicitFileType = wrapper.application; includeInIndex = 0; path = "Ghibli films.app"; sourceTree = BUILT_PRODUCTS_DIR; };
		C8C66A4E2F0BB59700A242F3 /* Assets.xcassets */ = {isa = PBXFileReference; lastKnownFileType = folder.assetcatalog; path = Assets.xcassets; sourceTree = "<group>"; };
		C8C66A4F2F0BB59700A242F3 /* ContentView.swift */ = {isa = PBXFileReference; lastKnownFileType = sourcecode.swift; path = ContentView.swift; sourceTree = "<group>"; };
		C8C66A502F0BB59700A242F3 /* Ghibli_filmsApp.swift */ = {isa = PBXFileReference; lastKnownFileType = sourcecode.swift; path = Ghibli_filmsApp.swift; sourceTree = "<group>"; };
		C8C66A592F0BB78200A242F3 /* FilmDTO.swift */ = {isa = PBXFileReference; lastKnownFileType = sourcecode.swift; path = FilmDTO.swift; sourceTree = "<group>"; };
		C8C66A5B2F0BB79000A242F3 /* Film.swift */ = {isa = PBXFileReference; lastKnownFileType = sourcecode.swift; path = Film.swift; sourceTree = "<group>"; };
		C8C66A5E2F0BB82600A242F3 /* NetworkRepository.swift */ = {isa = PBXFileReference; lastKnownFileType = sourcecode.swift; path = NetworkRepository.swift; sourceTree = "<group>"; };
		C8C66A612F0BB87600A242F3 /* URL.swift */ = {isa = PBXFileReference; lastKnownFileType = sourcecode.swift; path = URL.swift; sourceTree = "<group>"; };
		C8C66A622F0BB87600A242F3 /* URLRequest.swift */ = {isa = PBXFileReference; lastKnownFileType = sourcecode.swift; path = URLRequest.swift; sourceTree = "<group>"; };
		C8C66A632F0BB87600A242F3 /* NetworkError.swift */ = {isa = PBXFileReference; lastKnownFileType = sourcecode.swift; path = NetworkError.swift; sourceTree = "<group>"; };
		C8C66A642F0BB87600A242F3 /* NetworkInteractor.swift */ = {isa = PBXFileReference; lastKnownFileType = sourcecode.swift; path = NetworkInteractor.swift; sourceTree = "<group>"; };
		C8C66A652F0BB87600A242F3 /* URLSession.swift */ = {isa = PBXFileReference; lastKnownFileType = sourcecode.swift; path = URLSession.swift; sourceTree = "<group>"; };
		C8C66A6C2F0BBA6200A242F3 /* FilmViewModel.swift */ = {isa = PBXFileReference; lastKnownFileType = sourcecode.swift; path = FilmViewModel.swift; sourceTree = "<group>"; };
		C8C66A6E2F0BBBD500A242F3 /* FilmsListView.swift */ = {isa = PBXFileReference; lastKnownFileType = sourcecode.swift; path = FilmsListView.swift; sourceTree = "<group>"; };
		C8C66A702F0BBED000A242F3 /* ImageDownloader.swift */ = {isa = PBXFileReference; lastKnownFileType = sourcecode.swift; path = ImageDownloader.swift; sourceTree = "<group>"; };
		C8C66A732F0BBF2E00A242F3 /* FilmRow.swift */ = {isa = PBXFileReference; lastKnownFileType = sourcecode.swift; path = FilmRow.swift; sourceTree = "<group>"; };
		C8C66A752F0BC00E00A242F3 /* FilmDetail.swift */ = {isa = PBXFileReference; lastKnownFileType = sourcecode.swift; path = FilmDetail.swift; sourceTree = "<group>"; };
		C8C66A782F0BC05B00A242F3 /* UIImage.swift */ = {isa = PBXFileReference; lastKnownFileType = sourcecode.swift; path = UIImage.swift; sourceTree = "<group>"; };
		C8C66A7A2F0BCFAE00A242F3 /* FeaturedFilmCard.swift */ = {isa = PBXFileReference; lastKnownFileType = sourcecode.swift; path = FeaturedFilmCard.swift; sourceTree = "<group>"; };
		C8C66A7C2F0BD19A00A242F3 /* FilmsCarrousel.swift */ = {isa = PBXFileReference; lastKnownFileType = sourcecode.swift; path = FilmsCarrousel.swift; sourceTree = "<group>"; };
		C8C66A7E2F0BD6D500A242F3 /* FilmList.swift */ = {isa = PBXFileReference; lastKnownFileType = sourcecode.swift; path = FilmList.swift; sourceTree = "<group>"; };
		C8C66A802F0BDFC100A242F3 /* SearchView.swift */ = {isa = PBXFileReference; lastKnownFileType = sourcecode.swift; path = SearchView.swift; sourceTree = "<group>"; };
		C8C66A822F0BE57700A242F3 /* SearchVm.swift */ = {isa = PBXFileReference; lastKnownFileType = sourcecode.swift; path = SearchVm.swift; sourceTree = "<group>"; };
		C8C66A842F0BF81A00A242F3 /* WikiView.swift */ = {isa = PBXFileReference; lastKnownFileType = sourcecode.swift; path = WikiView.swift; sourceTree = "<group>"; };
		C8C66A8C2F0C026200A242F3 /* DataContainer.swift */ = {isa = PBXFileReference; lastKnownFileType = sourcecode.swift; path = DataContainer.swift; sourceTree = "<group>"; };
		C8C66A8E2F0C128200A242F3 /* FavoritesFilm.swift */ = {isa = PBXFileReference; lastKnownFileType = sourcecode.swift; path = FavoritesFilm.swift; sourceTree = "<group>"; };
		C8F1ABC02F10300000000001 /* FilmRowComponents.swift */ = {isa = PBXFileReference; lastKnownFileType = sourcecode.swift; path = FilmRowComponents.swift; sourceTree = "<group>"; };
		C8F1ABC22F10300000000002 /* ProfileImagePickerComponents.swift */ = {isa = PBXFileReference; lastKnownFileType = sourcecode.swift; path = ProfileImagePickerComponents.swift; sourceTree = "<group>"; };
		C8F1ABC42F10300000000003 /* FilmSearchFieldComponents.swift */ = {isa = PBXFileReference; lastKnownFileType = sourcecode.swift; path = FilmSearchFieldComponents.swift; sourceTree = "<group>"; };
/* End PBXFileReference section */

/* Begin PBXFrameworksBuildPhase section */
		C8C66A3D2F0BB4EE00A242F3 /* Frameworks */ = {
			isa = PBXFrameworksBuildPhase;
			buildActionMask = 2147483647;
			files = (
			);
			runOnlyForDeploymentPostprocessing = 0;
		};
/* End PBXFrameworksBuildPhase section */

/* Begin PBXGroup section */
		C8C66A372F0BB4EE00A242F3 = {
			isa = PBXGroup;
			children = (
				C8C66A512F0BB59700A242F3 /* Ghibli films */,
				C8C66A412F0BB4EE00A242F3 /* Products */,
			);
			sourceTree = "<group>";
		};
		C8C66A412F0BB4EE00A242F3 /* Products */ = {
			isa = PBXGroup;
			children = (
				C8C66A402F0BB4EE00A242F3 /* Ghibli films.app */,
			);
			name = Products;
			sourceTree = "<group>";
		};
		C8C66A512F0BB59700A242F3 /* Ghibli films */ = {
			isa = PBXGroup;
			children = (
				C8C66A562F0BB60200A242F3 /* Views */,
				C8C66A6B2F0BB98E00A242F3 /* ViewModels */,
				C8C66A772F0BC04C00A242F3 /* Extensions */,
				C8C66A602F0BB86A00A242F3 /* Interface */,
				C8C66A5D2F0BB80500A242F3 /* Repository */,
				C8C66A8B2F0BFF5D00A242F3 /* Persistance */,
				C8C66A572F0BB6BA00A242F3 /* Model */,
				C8C66A552F0BB5AD00A242F3 /* System */,
				C8C66A4E2F0BB59700A242F3 /* Assets.xcassets */,
			);
			path = "Ghibli films";
			sourceTree = "<group>";
		};
		C8C66A552F0BB5AD00A242F3 /* System */ = {
			isa = PBXGroup;
			children = (
				C8C66A502F0BB59700A242F3 /* Ghibli_filmsApp.swift */,
			);
			path = System;
			sourceTree = "<group>";
		};
		C8C66A562F0BB60200A242F3 /* Views */ = {
			isa = PBXGroup;
			children = (
				C8C66A722F0BBF1C00A242F3 /* Components */,
				C8C66A4F2F0BB59700A242F3 /* ContentView.swift */,
				C8C66A6E2F0BBBD500A242F3 /* FilmsListView.swift */,
				C8C66A752F0BC00E00A242F3 /* FilmDetail.swift */,
				C8C66A802F0BDFC100A242F3 /* SearchView.swift */,
				C8C66A842F0BF81A00A242F3 /* WikiView.swift */,
				C8C66A8E2F0C128200A242F3 /* FavoritesFilm.swift */,
				C8BE163B2F0E738C00CC1920 /* ProfileView.swift */,
			);
			path = Views;
			sourceTree = "<group>";
		};
		C8C66A572F0BB6BA00A242F3 /* Model */ = {
			isa = PBXGroup;
			children = (
				C8C66A582F0BB77500A242F3 /* DTOs */,
				C8C66A5B2F0BB79000A242F3 /* Film.swift */,
				C863129D2F12B7A70023ADB0 /* Person.swift */,
				C89EB4A02F13C15800E759ED /* Location.swift */,
				C89EB4942F13B86B00E759ED /* Vehicle.swift */,
				C8BE164B2F0FC9CC00CC1920 /* Profile.swift */,
				C89EB49A2F13BFF400E759ED /* WikiCategory.swift */,
			);
			path = Model;
			sourceTree = "<group>";
		};
		C8C66A582F0BB77500A242F3 /* DTOs */ = {
			isa = PBXGroup;
			children = (
				C8C66A592F0BB78200A242F3 /* FilmDTO.swift */,
				C89EB49E2F13C14E00E759ED /* LocationDTO.swift */,
				C86312952F12B78D0023ADB0 /* PersonDTO.swift */,
				C89EB4922F13B83000E759ED /* VehicleDTO.swift */,
			);
			path = DTOs;
			sourceTree = "<group>";
		};
		C8C66A5D2F0BB80500A242F3 /* Repository */ = {
			isa = PBXGroup;
			children = (
				C8C66A5E2F0BB82600A242F3 /* NetworkRepository.swift */,
			);
			path = Repository;
			sourceTree = "<group>";
		};
		C8C66A602F0BB86A00A242F3 /* Interface */ = {
			isa = PBXGroup;
			children = (
				C8C66A612F0BB87600A242F3 /* URL.swift */,
				C8C66A622F0BB87600A242F3 /* URLRequest.swift */,
				C8C66A632F0BB87600A242F3 /* NetworkError.swift */,
				C8C66A642F0BB87600A242F3 /* NetworkInteractor.swift */,
				C8C66A652F0BB87600A242F3 /* URLSession.swift */,
				C8C66A702F0BBED000A242F3 /* ImageDownloader.swift */,
			);
			path = Interface;
			sourceTree = "<group>";
		};
		C8C66A6B2F0BB98E00A242F3 /* ViewModels */ = {
			isa = PBXGroup;
			children = (
				C8C66A6C2F0BBA6200A242F3 /* FilmViewModel.swift */,
				C8C66A822F0BE57700A242F3 /* SearchVm.swift */,
			);
			path = ViewModels;
			sourceTree = "<group>";
		};
		C8C66A722F0BBF1C00A242F3 /* Components */ = {
			isa = PBXGroup;
			children = (
				C8BE16412F0EAA8900CC1920 /* FilmsGridView.swift */,
				C8C66A732F0BBF2E00A242F3 /* FilmRow.swift */,
				C8C66A7A2F0BCFAE00A242F3 /* FeaturedFilmCard.swift */,
				C8BE16432F0EB46D00CC1920 /* CachedFilmCard.swift */,
				C8C66A7C2F0BD19A00A242F3 /* FilmsCarrousel.swift */,
				C8C66A7E2F0BD6D500A242F3 /* FilmList.swift */,
				C89EB4A42F13C33700E759ED /* LocationListView.swift */,
				C86312A72F12C33B0023ADB0 /* PeopleListView.swift */,
				C89EB4962F13BBBC00E759ED /* VehicleListView.swift */,
				C89EB49C2F13C01900E759ED /* WikiCategoryListView.swift */,
				C8BE163F2F0E7F1F00CC1920 /* ProfileImagePicker.swift */,
				C8BE16472F0FC48B00CC1920 /* FilmCategoryRow.swift */,
				C89EB4A22F13C31A00E759ED /* LocationRow.swift */,
				C8BE16492F0FC6B700CC1920 /* FilmSearchField.swift */,
				C86312A32F12BB6E0023ADB0 /* StatCard.swift */,
				C86312A52F12C0C40023ADB0 /* WikiCategoryRow.swift */,
				C83961502F12DB2D00ABCA07 /* PersonRow.swift */,
				C83961522F12DB9000ABCA07 /* InfoRow.swift */,
				C89EB4982F13BC0400E759ED /* VehicleRow.swift */,
			);
			path = Components;
			sourceTree = "<group>";
		};
		C8C66A772F0BC04C00A242F3 /* Extensions */ = {
			isa = PBXGroup;
			children = (
				C8878D932F0C373E00DA272C /* SavedFilter.swift */,
				C8C66A782F0BC05B00A242F3 /* UIImage.swift */,
				C8878D952F0C3A3600DA272C /* FilmDetailComponents.swift */,
				C8F1ABC02F10300000000001 /* FilmRowComponents.swift */,
				C8F1ABC22F10300000000002 /* ProfileImagePickerComponents.swift */,
				C8F1ABC42F10300000000003 /* FilmSearchFieldComponents.swift */,
				C8BE163D2F0E7D6A00CC1920 /* ProfileGradient.swift */,
				C8BE16532F1000AA00CC1920 /* ProfileEmoji.swift */,
				C891ABC82F102020005CAEF4 /* Styles.swift */,
			);
			path = Extensions;
			sourceTree = "<group>";
		};
		C8C66A8B2F0BFF5D00A242F3 /* Persistance */ = {
			isa = PBXGroup;
			children = (
				C8C66A8C2F0C026200A242F3 /* DataContainer.swift */,
				C8BE164D2F0FCDB200CC1920 /* ProfileDataContainer.swift */,
			);
			path = Persistance;
			sourceTree = "<group>";
		};
/* End PBXGroup section */

/* Begin PBXNativeTarget section */
		C8C66A3F2F0BB4EE00A242F3 /* Ghibli films */ = {
			isa = PBXNativeTarget;
			buildConfigurationList = C8C66A4B2F0BB4F000A242F3 /* Build configuration list for PBXNativeTarget "Ghibli films" */;
			buildPhases = (
				C8C66A3C2F0BB4EE00A242F3 /* Sources */,
				C8C66A3D2F0BB4EE00A242F3 /* Frameworks */,
				C8C66A3E2F0BB4EE00A242F3 /* Resources */,
			);
			buildRules = (
			);
			dependencies = (
			);
			name = "Ghibli films";
			packageProductDependencies = (
			);
			productName = "Ghibli films";
			productReference = C8C66A402F0BB4EE00A242F3 /* Ghibli films.app */;
			productType = "com.apple.product-type.application";
		};
/* End PBXNativeTarget section */

/* Begin PBXProject section */
		C8C66A382F0BB4EE00A242F3 /* Project object */ = {
			isa = PBXProject;
			attributes = {
				BuildIndependentTargetsInParallel = 1;
				LastSwiftUpdateCheck = 2620;
				LastUpgradeCheck = 2620;
				TargetAttributes = {
					C8C66A3F2F0BB4EE00A242F3 = {
						CreatedOnToolsVersion = 26.2;
					};
				};
			};
			buildConfigurationList = C8C66A3B2F0BB4EE00A242F3 /* Build configuration list for PBXProject "Ghibli films" */;
			developmentRegion = en;
			hasScannedForEncodings = 0;
			knownRegions = (
				en,
				Base,
			);
			mainGroup = C8C66A372F0BB4EE00A242F3;
			minimizedProjectReferenceProxies = 1;
			preferredProjectObjectVersion = 77;
			productRefGroup = C8C66A412F0BB4EE00A242F3 /* Products */;
			projectDirPath = "";
			projectRoot = "";
			targets = (
				C8C66A3F2F0BB4EE00A242F3 /* Ghibli films */,
			);
		};
/* End PBXProject section */

/* Begin PBXResourcesBuildPhase section */
		C8C66A3E2F0BB4EE00A242F3 /* Resources */ = {
			isa = PBXResourcesBuildPhase;
			buildActionMask = 2147483647;
			files = (
				C8C66A522F0BB59700A242F3 /* Assets.xcassets in Resources */,
			);
			runOnlyForDeploymentPostprocessing = 0;
		};
/* End PBXResourcesBuildPhase section */

/* Begin PBXSourcesBuildPhase section */
		C8C66A3C2F0BB4EE00A242F3 /* Sources */ = {
			isa = PBXSourcesBuildPhase;
			buildActionMask = 2147483647;
			files = (
				C89EB4A52F13C33700E759ED /* LocationListView.swift in Sources */,
				C8C66A812F0BDFC100A242F3 /* SearchView.swift in Sources */,
				C8BE163C2F0E738C00CC1920 /* ProfileView.swift in Sources */,
				C89EB4932F13B83000E759ED /* VehicleDTO.swift in Sources */,
				C891ABC92F102020005CAEF4 /* Styles.swift in Sources */,
				C86312A22F12B7A70023ADB0 /* Person.swift in Sources */,
				C8C66A8F2F0C128200A242F3 /* FavoritesFilm.swift in Sources */,
				C8C66A6F2F0BBBD500A242F3 /* FilmsListView.swift in Sources */,
				C86312A62F12C0C40023ADB0 /* WikiCategoryRow.swift in Sources */,
				C83961512F12DB2D00ABCA07 /* PersonRow.swift in Sources */,
				C86312A82F12C33B0023ADB0 /* PeopleListView.swift in Sources */,
				C8C66A532F0BB59700A242F3 /* ContentView.swift in Sources */,
				C8BE164E2F0FCDB200CC1920 /* ProfileDataContainer.swift in Sources */,
				C89EB4A12F13C15800E759ED /* Location.swift in Sources */,
				C8C66A712F0BBED000A242F3 /* ImageDownloader.swift in Sources */,
				C8C66A5C2F0BB79000A242F3 /* Film.swift in Sources */,
				C8BE163E2F0E7D6A00CC1920 /* ProfileGradient.swift in Sources */,
				C8BE16542F1000AA00CC1920 /* ProfileEmoji.swift in Sources */,
				C8BE164A2F0FC6B700CC1920 /* FilmSearchField.swift in Sources */,
				C8BE16422F0EAA8900CC1920 /* FilmsGridView.swift in Sources */,
				C8C66A662F0BB87600A242F3 /* NetworkError.swift in Sources */,
				C8C66A852F0BF81A00A242F3 /* WikiView.swift in Sources */,
				C8C66A832F0BE57700A242F3 /* SearchVm.swift in Sources */,
				C8C66A672F0BB87600A242F3 /* NetworkInteractor.swift in Sources */,
				C8C66A742F0BBF2E00A242F3 /* FilmRow.swift in Sources */,
				C8BE16482F0FC48B00CC1920 /* FilmCategoryRow.swift in Sources */,
				C86312A42F12BB6E0023ADB0 /* StatCard.swift in Sources */,
				C8C66A8D2F0C026200A242F3 /* DataContainer.swift in Sources */,
				C8BE164C2F0FC9CC00CC1920 /* Profile.swift in Sources */,
				C8878D942F0C373E00DA272C /* SavedFilter.swift in Sources */,
				C8C66A7F2F0BD6D500A242F3 /* FilmList.swift in Sources */,
				C8878D962F0C3A3600DA272C /* FilmDetailComponents.swift in Sources */,
				C8F1ABC12F10300000000001 /* FilmRowComponents.swift in Sources */,
				C89EB49B2F13BFF400E759ED /* WikiCategory.swift in Sources */,
				C8F1ABC32F10300000000002 /* ProfileImagePickerComponents.swift in Sources */,
				C89EB4952F13B86B00E759ED /* Vehicle.swift in Sources */,
				C8F1ABC52F10300000000003 /* FilmSearchFieldComponents.swift in Sources */,
				C8C66A7B2F0BCFAE00A242F3 /* FeaturedFilmCard.swift in Sources */,
				C89EB49F2F13C14E00E759ED /* LocationDTO.swift in Sources */,
				C89EB4972F13BBBC00E759ED /* VehicleListView.swift in Sources */,
				C8BE16402F0E7F1F00CC1920 /* ProfileImagePicker.swift in Sources */,
				C89EB4992F13BC0400E759ED /* VehicleRow.swift in Sources */,
				C8C66A682F0BB87600A242F3 /* URL.swift in Sources */,
				C8C66A6D2F0BBA6200A242F3 /* FilmViewModel.swift in Sources */,
				C8C66A792F0BC05B00A242F3 /* UIImage.swift in Sources */,
				C8C66A692F0BB87600A242F3 /* URLSession.swift in Sources */,
				C8C66A6A2F0BB87600A242F3 /* URLRequest.swift in Sources */,
				C8C66A762F0BC00E00A242F3 /* FilmDetail.swift in Sources */,
				C8BE16442F0EB46D00CC1920 /* CachedFilmCard.swift in Sources */,
				C8C66A7D2F0BD19B00A242F3 /* FilmsCarrousel.swift in Sources */,
				C86312962F12B78D0023ADB0 /* PersonDTO.swift in Sources */,
				C83961532F12DB9000ABCA07 /* InfoRow.swift in Sources */,
				C8C66A5A2F0BB78200A242F3 /* FilmDTO.swift in Sources */,
				C8C66A5F2F0BB82600A242F3 /* NetworkRepository.swift in Sources */,
				C89EB4A32F13C31A00E759ED /* LocationRow.swift in Sources */,
				C8C66A542F0BB59700A242F3 /* Ghibli_filmsApp.swift in Sources */,
				C89EB49D2F13C01900E759ED /* WikiCategoryListView.swift in Sources */,
			);
			runOnlyForDeploymentPostprocessing = 0;
		};
/* End PBXSourcesBuildPhase section */

/* Begin XCBuildConfiguration section */
		C8C66A492F0BB4F000A242F3 /* Debug */ = {
			isa = XCBuildConfiguration;
			buildSettings = {
				ALWAYS_SEARCH_USER_PATHS = NO;
				ASSETCATALOG_COMPILER_GENERATE_SWIFT_ASSET_SYMBOL_EXTENSIONS = YES;
				CLANG_ANALYZER_NONNULL = YES;
				CLANG_ANALYZER_NUMBER_OBJECT_CONVERSION = YES_AGGRESSIVE;
				CLANG_CXX_LANGUAGE_STANDARD = "gnu++20";
				CLANG_ENABLE_MODULES = YES;
				CLANG_ENABLE_OBJC_ARC = YES;
				CLANG_ENABLE_OBJC_WEAK = YES;
				CLANG_WARN_BLOCK_CAPTURE_AUTORELEASING = YES;
				CLANG_WARN_BOOL_CONVERSION = YES;
				CLANG_WARN_COMMA = YES;
				CLANG_WARN_CONSTANT_CONVERSION = YES;
				CLANG_WARN_DEPRECATED_OBJC_IMPLEMENTATIONS = YES;
				CLANG_WARN_DIRECT_OBJC_ISA_USAGE = YES_ERROR;
				CLANG_WARN_DOCUMENTATION_COMMENTS = YES;
				CLANG_WARN_EMPTY_BODY = YES;
				CLANG_WARN_ENUM_CONVERSION = YES;
				CLANG_WARN_INFINITE_RECURSION = YES;
				CLANG_WARN_INT_CONVERSION = YES;
				CLANG_WARN_NON_LITERAL_NULL_CONVERSION = YES;
				CLANG_WARN_OBJC_IMPLICIT_RETAIN_SELF = YES;
				CLANG_WARN_OBJC_LITERAL_CONVERSION = YES;
				CLANG_WARN_OBJC_ROOT_CLASS = YES_ERROR;
				CLANG_WARN_QUOTED_INCLUDE_IN_FRAMEWORK_HEADER = YES;
				CLANG_WARN_RANGE_LOOP_ANALYSIS = YES;
				CLANG_WARN_STRICT_PROTOTYPES = YES;
				CLANG_WARN_SUSPICIOUS_MOVE = YES;
				CLANG_WARN_UNGUARDED_AVAILABILITY = YES_AGGRESSIVE;
				CLANG_WARN_UNREACHABLE_CODE = YES;
				CLANG_WARN__DUPLICATE_METHOD_MATCH = YES;
				COPY_PHASE_STRIP = NO;
				DEBUG_INFORMATION_FORMAT = dwarf;
				ENABLE_STRICT_OBJC_MSGSEND = YES;
				ENABLE_TESTABILITY = YES;
				ENABLE_USER_SCRIPT_SANDBOXING = YES;
				GCC_C_LANGUAGE_STANDARD = gnu17;
				GCC_DYNAMIC_NO_PIC = NO;
				GCC_NO_COMMON_BLOCKS = YES;
				GCC_OPTIMIZATION_LEVEL = 0;
				GCC_PREPROCESSOR_DEFINITIONS = (
					"DEBUG=1",
					"$(inherited)",
				);
				GCC_WARN_64_TO_32_BIT_CONVERSION = YES;
				GCC_WARN_ABOUT_RETURN_TYPE = YES_ERROR;
				GCC_WARN_UNDECLARED_SELECTOR = YES;
				GCC_WARN_UNINITIALIZED_AUTOS = YES_AGGRESSIVE;
				GCC_WARN_UNUSED_FUNCTION = YES;
				GCC_WARN_UNUSED_VARIABLE = YES;
				IPHONEOS_DEPLOYMENT_TARGET = 26.2;
				LOCALIZATION_PREFERS_STRING_CATALOGS = YES;
				MTL_ENABLE_DEBUG_INFO = INCLUDE_SOURCE;
				MTL_FAST_MATH = YES;
				ONLY_ACTIVE_ARCH = YES;
				SDKROOT = iphoneos;
				SWIFT_ACTIVE_COMPILATION_CONDITIONS = "DEBUG $(inherited)";
				SWIFT_OPTIMIZATION_LEVEL = "-Onone";
			};
			name = Debug;
		};
		C8C66A4A2F0BB4F000A242F3 /* Release */ = {
			isa = XCBuildConfiguration;
			buildSettings = {
				ALWAYS_SEARCH_USER_PATHS = NO;
				ASSETCATALOG_COMPILER_GENERATE_SWIFT_ASSET_SYMBOL_EXTENSIONS = YES;
				CLANG_ANALYZER_NONNULL = YES;
				CLANG_ANALYZER_NUMBER_OBJECT_CONVERSION = YES_AGGRESSIVE;
				CLANG_CXX_LANGUAGE_STANDARD = "gnu++20";
				CLANG_ENABLE_MODULES = YES;
				CLANG_ENABLE_OBJC_ARC = YES;
				CLANG_ENABLE_OBJC_WEAK = YES;
				CLANG_WARN_BLOCK_CAPTURE_AUTORELEASING = YES;
				CLANG_WARN_BOOL_CONVERSION = YES;
				CLANG_WARN_COMMA = YES;
				CLANG_WARN_CONSTANT_CONVERSION = YES;
				CLANG_WARN_DEPRECATED_OBJC_IMPLEMENTATIONS = YES;
				CLANG_WARN_DIRECT_OBJC_ISA_USAGE = YES_ERROR;
				CLANG_WARN_DOCUMENTATION_COMMENTS = YES;
				CLANG_WARN_EMPTY_BODY = YES;
				CLANG_WARN_ENUM_CONVERSION = YES;
				CLANG_WARN_INFINITE_RECURSION = YES;
				CLANG_WARN_INT_CONVERSION = YES;
				CLANG_WARN_NON_LITERAL_NULL_CONVERSION = YES;
				CLANG_WARN_OBJC_IMPLICIT_RETAIN_SELF = YES;
				CLANG_WARN_OBJC_LITERAL_CONVERSION = YES;
				CLANG_WARN_OBJC_ROOT_CLASS = YES_ERROR;
				CLANG_WARN_QUOTED_INCLUDE_IN_FRAMEWORK_HEADER = YES;
				CLANG_WARN_RANGE_LOOP_ANALYSIS = YES;
				CLANG_WARN_STRICT_PROTOTYPES = YES;
				CLANG_WARN_SUSPICIOUS_MOVE = YES;
				CLANG_WARN_UNGUARDED_AVAILABILITY = YES_AGGRESSIVE;
				CLANG_WARN_UNREACHABLE_CODE = YES;
				CLANG_WARN__DUPLICATE_METHOD_MATCH = YES;
				COPY_PHASE_STRIP = NO;
				DEBUG_INFORMATION_FORMAT = "dwarf-with-dsym";
				ENABLE_NS_ASSERTIONS = NO;
				ENABLE_STRICT_OBJC_MSGSEND = YES;
				ENABLE_USER_SCRIPT_SANDBOXING = YES;
				GCC_C_LANGUAGE_STANDARD = gnu17;
				GCC_NO_COMMON_BLOCKS = YES;
				GCC_WARN_64_TO_32_BIT_CONVERSION = YES;
				GCC_WARN_ABOUT_RETURN_TYPE = YES_ERROR;
				GCC_WARN_UNDECLARED_SELECTOR = YES;
				GCC_WARN_UNINITIALIZED_AUTOS = YES_AGGRESSIVE;
				GCC_WARN_UNUSED_FUNCTION = YES;
				GCC_WARN_UNUSED_VARIABLE = YES;
				IPHONEOS_DEPLOYMENT_TARGET = 26.2;
				LOCALIZATION_PREFERS_STRING_CATALOGS = YES;
				MTL_ENABLE_DEBUG_INFO = NO;
				MTL_FAST_MATH = YES;
				SDKROOT = iphoneos;
				SWIFT_COMPILATION_MODE = wholemodule;
				VALIDATE_PRODUCT = YES;
			};
			name = Release;
		};
		C8C66A4C2F0BB4F000A242F3 /* Debug */ = {
			isa = XCBuildConfiguration;
			buildSettings = {
				ASSETCATALOG_COMPILER_APPICON_NAME = AppIcon;
				ASSETCATALOG_COMPILER_GLOBAL_ACCENT_COLOR_NAME = AccentColor;
				CODE_SIGN_STYLE = Automatic;
				CURRENT_PROJECT_VERSION = 1;
				DEVELOPMENT_TEAM = MBFB47H6TQ;
				ENABLE_PREVIEWS = YES;
				GENERATE_INFOPLIST_FILE = YES;
				INFOPLIST_KEY_UIApplicationSceneManifest_Generation = YES;
				INFOPLIST_KEY_UIApplicationSupportsIndirectInputEvents = YES;
				INFOPLIST_KEY_UILaunchScreen_Generation = YES;
				INFOPLIST_KEY_UISupportedInterfaceOrientations = UIInterfaceOrientationPortrait;
				INFOPLIST_KEY_UISupportedInterfaceOrientations_iPad = "UIInterfaceOrientationLandscapeLeft UIInterfaceOrientationLandscapeRight UIInterfaceOrientationPortrait UIInterfaceOrientationPortraitUpsideDown";
				IPHONEOS_DEPLOYMENT_TARGET = 26.0;
				LD_RUNPATH_SEARCH_PATHS = (
					"$(inherited)",
					"@executable_path/Frameworks",
				);
				MARKETING_VERSION = 1.0;
				PRODUCT_BUNDLE_IDENTIFIER = "joseluis.corral.lopez.Ghibli-films";
				PRODUCT_NAME = "$(TARGET_NAME)";
				STRING_CATALOG_GENERATE_SYMBOLS = YES;
				SWIFT_APPROACHABLE_CONCURRENCY = YES;
				SWIFT_DEFAULT_ACTOR_ISOLATION = MainActor;
				SWIFT_EMIT_LOC_STRINGS = YES;
				SWIFT_UPCOMING_FEATURE_MEMBER_IMPORT_VISIBILITY = YES;
				SWIFT_VERSION = 6.0;
				TARGETED_DEVICE_FAMILY = "1,2";
			};
			name = Debug;
		};
		C8C66A4D2F0BB4F000A242F3 /* Release */ = {
			isa = XCBuildConfiguration;
			buildSettings = {
				ASSETCATALOG_COMPILER_APPICON_NAME = AppIcon;
				ASSETCATALOG_COMPILER_GLOBAL_ACCENT_COLOR_NAME = AccentColor;
				CODE_SIGN_STYLE = Automatic;
				CURRENT_PROJECT_VERSION = 1;
				DEVELOPMENT_TEAM = MBFB47H6TQ;
				ENABLE_PREVIEWS = YES;
				GENERATE_INFOPLIST_FILE = YES;
				INFOPLIST_KEY_UIApplicationSceneManifest_Generation = YES;
				INFOPLIST_KEY_UIApplicationSupportsIndirectInputEvents = YES;
				INFOPLIST_KEY_UILaunchScreen_Generation = YES;
				INFOPLIST_KEY_UISupportedInterfaceOrientations = UIInterfaceOrientationPortrait;
				INFOPLIST_KEY_UISupportedInterfaceOrientations_iPad = "UIInterfaceOrientationLandscapeLeft UIInterfaceOrientationLandscapeRight UIInterfaceOrientationPortrait UIInterfaceOrientationPortraitUpsideDown";
				IPHONEOS_DEPLOYMENT_TARGET = 26.0;
				LD_RUNPATH_SEARCH_PATHS = (
					"$(inherited)",
					"@executable_path/Frameworks",
				);
				MARKETING_VERSION = 1.0;
				PRODUCT_BUNDLE_IDENTIFIER = "joseluis.corral.lopez.Ghibli-films";
				PRODUCT_NAME = "$(TARGET_NAME)";
				STRING_CATALOG_GENERATE_SYMBOLS = YES;
				SWIFT_APPROACHABLE_CONCURRENCY = YES;
				SWIFT_DEFAULT_ACTOR_ISOLATION = MainActor;
				SWIFT_EMIT_LOC_STRINGS = YES;
				SWIFT_UPCOMING_FEATURE_MEMBER_IMPORT_VISIBILITY = YES;
				SWIFT_VERSION = 6.0;
				TARGETED_DEVICE_FAMILY = "1,2";
			};
			name = Release;
		};
/* End XCBuildConfiguration section */

/* Begin XCConfigurationList section */
		C8C66A3B2F0BB4EE00A242F3 /* Build configuration list for PBXProject "Ghibli films" */ = {
			isa = XCConfigurationList;
			buildConfigurations = (
				C8C66A492F0BB4F000A242F3 /* Debug */,
				C8C66A4A2F0BB4F000A242F3 /* Release */,
			);
			defaultConfigurationIsVisible = 0;
			defaultConfigurationName = Release;
		};
		C8C66A4B2F0BB4F000A242F3 /* Build configuration list for PBXNativeTarget "Ghibli films" */ = {
			isa = XCConfigurationList;
			buildConfigurations = (
				C8C66A4C2F0BB4F000A242F3 /* Debug */,
				C8C66A4D2F0BB4F000A242F3 /* Release */,
			);
			defaultConfigurationIsVisible = 0;
			defaultConfigurationName = Release;
		};
/* End XCConfigurationList section */
	};
	rootObject = C8C66A382F0BB4EE00A242F3 /* Project object */;
}
