// !$*UTF8*$!
{
	archiveVersion = 1;
	classes = {
	};
	objectVersion = 77;
	objects = {

/* Begin PBXBuildFile section */
		C8C66A522F0BB59700A242F3 /* Assets.xcassets in Resources */ = {isa = PBXBuildFile; fileRef = C8C66A4E2F0BB59700A242F3 /* Assets.xcassets */; };
		C8C66A532F0BB59700A242F3 /* ContentView.swift in Sources */ = {isa = PBXBuildFile; fileRef = C8C66A4F2F0BB59700A242F3 /* ContentView.swift */; };
		C8C66A542F0BB59700A242F3 /* Ghibli_filmsApp.swift in Sources */ = {isa = PBXBuildFile; fileRef = C8C66A502F0BB59700A242F3 /* Ghibli_filmsApp.swift */; };
		C8C66A5A2F0BB78200A242F3 /* FilmDTO.swift in Sources */ = {isa = PBXBuildFile; fileRef = C8C66A592F0BB78200A242F3 /* FilmDTO.swift */; };
		C8C66A5C2F0BB79000A242F3 /* Film.swift in Sources */ = {isa = PBXBuildFile; fileRef = C8C66A5B2F0BB79000A242F3 /* Film.swift */; };
		C8C66A5F2F0BB82600A242F3 /* NetworkRepository.swift in Sources */ = {isa = PBXBuildFile; fileRef = C8C66A5E2F0BB82600A242F3 /* NetworkRepository.swift */; };
		C8C66A662F0BB87600A242F3 /* NetworkError.swift in Sources */ = {isa = PBXBuildFile; fileRef = C8C66A632F0BB87600A242F3 /* NetworkError.swift */; };
		C8C66A672F0BB87600A242F3 /* NetworkInteractor.swift in Sources */ = {isa = PBXBuildFile; fileRef = C8C66A642F0BB87600A242F3 /* NetworkInteractor.swift */; };
		C8C66A682F0BB87600A242F3 /* URL.swift in Sources */ = {isa = PBXBuildFile; fileRef = C8C66A612F0BB87600A242F3 /* URL.swift */; };
		C8C66A692F0BB87600A242F3 /* URLSession.swift in Sources */ = {isa = PBXBuildFile; fileRef = C8C66A652F0BB87600A242F3 /* URLSession.swift */; };
		C8C66A6A2F0BB87600A242F3 /* URLRequest.swift in Sources */ = {isa = PBXBuildFile; fileRef = C8C66A622F0BB87600A242F3 /* URLRequest.swift */; };
		C8C66A6D2F0BBA6200A242F3 /* FilmViewModel.swift in Sources */ = {isa = PBXBuildFile; fileRef = C8C66A6C2F0BBA6200A242F3 /* FilmViewModel.swift */; };
		C8C66A6F2F0BBBD500A242F3 /* FilmsListView.swift in Sources */ = {isa = PBXBuildFile; fileRef = C8C66A6E2F0BBBD500A242F3 /* FilmsListView.swift */; };
		C8C66A712F0BBED000A242F3 /* ImageDownloader.swift in Sources */ = {isa = PBXBuildFile; fileRef = C8C66A702F0BBED000A242F3 /* ImageDownloader.swift */; };
/* End PBXBuildFile section */

/* Begin PBXFileReference section */
		C8C66A402F0BB4EE00A242F3 /* Ghibli films.app */ = {isa = PBXFileReference; explicitFileType = wrapper.application; includeInIndex = 0; path = "Ghibli films.app"; sourceTree = BUILT_PRODUCTS_DIR; };
		C8C66A4E2F0BB59700A242F3 /* Assets.xcassets */ = {isa = PBXFileReference; lastKnownFileType = folder.assetcatalog; path = Assets.xcassets; sourceTree = "<group>"; };
		C8C66A4F2F0BB59700A242F3 /* ContentView.swift */ = {isa = PBXFileReference; lastKnownFileType = sourcecode.swift; path = ContentView.swift; sourceTree = "<group>"; };
		C8C66A502F0BB59700A242F3 /* Ghibli_filmsApp.swift */ = {isa = PBXFileReference; lastKnownFileType = sourcecode.swift; path = Ghibli_filmsApp.swift; sourceTree = "<group>"; };
		C8C66A592F0BB78200A242F3 /* FilmDTO.swift */ = {isa = PBXFileReference; lastKnownFileType = sourcecode.swift; path = FilmDTO.swift; sourceTree = "<group>"; };
		C8C66A5B2F0BB79000A242F3 /* Film.swift */ = {isa = PBXFileReference; lastKnownFileType = sourcecode.swift; path = Film.swift; sourceTree = "<group>"; };
		C8C66A5E2F0BB82600A242F3 /* NetworkRepository.swift */ = {isa = PBXFileReference; lastKnownFileType = sourcecode.swift; path = NetworkRepository.swift; sourceTree = "<group>"; };
		C8C66A612F0BB87600A242F3 /* URL.swift */ = {isa = PBXFileReference; lastKnownFileType = sourcecode.swift; path = URL.swift; sourceTree = "<group>"; };
		C8C66A622F0BB87600A242F3 /* URLRequest.swift */ = {isa = PBXFileReference; lastKnownFileType = sourcecode.swift; path = URLRequest.swift; sourceTree = "<group>"; };
		C8C66A632F0BB87600A242F3 /* NetworkError.swift */ = {isa = PBXFileReference; lastKnownFileType = sourcecode.swift; path = NetworkError.swift; sourceTree = "<group>"; };
		C8C66A642F0BB87600A242F3 /* NetworkInteractor.swift */ = {isa = PBXFileReference; lastKnownFileType = sourcecode.swift; path = NetworkInteractor.swift; sourceTree = "<group>"; };
		C8C66A652F0BB87600A242F3 /* URLSession.swift */ = {isa = PBXFileReference; lastKnownFileType = sourcecode.swift; path = URLSession.swift; sourceTree = "<group>"; };
		C8C66A6C2F0BBA6200A242F3 /* FilmViewModel.swift */ = {isa = PBXFileReference; lastKnownFileType = sourcecode.swift; path = FilmViewModel.swift; sourceTree = "<group>"; };
		C8C66A6E2F0BBBD500A242F3 /* FilmsListView.swift */ = {isa = PBXFileReference; lastKnownFileType = sourcecode.swift; path = FilmsListView.swift; sourceTree = "<group>"; };
		C8C66A702F0BBED000A242F3 /* ImageDownloader.swift */ = {isa = PBXFileReference; lastKnownFileType = sourcecode.swift; path = ImageDownloader.swift; sourceTree = "<group>"; };
/* End PBXFileReference section */

/* Begin PBXFrameworksBuildPhase section */
		C8C66A3D2F0BB4EE00A242F3 /* Frameworks */ = {
			isa = PBXFrameworksBuildPhase;
			buildActionMask = 2147483647;
			files = (
			);
			runOnlyForDeploymentPostprocessing = 0;
		};
/* End PBXFrameworksBuildPhase section */

/* Begin PBXGroup section */
		C8C66A372F0BB4EE00A242F3 = {
			isa = PBXGroup;
			children = (
				C8C66A512F0BB59700A242F3 /* Ghibli films */,
				C8C66A412F0BB4EE00A242F3 /* Products */,
			);
			sourceTree = "<group>";
		};
		C8C66A412F0BB4EE00A242F3 /* Products */ = {
			isa = PBXGroup;
			children = (
				C8C66A402F0BB4EE00A242F3 /* Ghibli films.app */,
			);
			name = Products;
			sourceTree = "<group>";
		};
		C8C66A512F0BB59700A242F3 /* Ghibli films */ = {
			isa = PBXGroup;
			children = (
				C8C66A6B2F0BB98E00A242F3 /* ViewModels */,
				C8C66A602F0BB86A00A242F3 /* Interface */,
				C8C66A5D2F0BB80500A242F3 /* Repository */,
				C8C66A572F0BB6BA00A242F3 /* Model */,
				C8C66A562F0BB60200A242F3 /* Views */,
				C8C66A552F0BB5AD00A242F3 /* System */,
				C8C66A4E2F0BB59700A242F3 /* Assets.xcassets */,
			);
			path = "Ghibli films";
			sourceTree = "<group>";
		};
		C8C66A552F0BB5AD00A242F3 /* System */ = {
			isa = PBXGroup;
			children = (
				C8C66A502F0BB59700A242F3 /* Ghibli_filmsApp.swift */,
			);
			path = System;
			sourceTree = "<group>";
		};
		C8C66A562F0BB60200A242F3 /* Views */ = {
			isa = PBXGroup;
			children = (
				C8C66A4F2F0BB59700A242F3 /* ContentView.swift */,
				C8C66A6E2F0BBBD500A242F3 /* FilmsListView.swift */,
			);
			path = Views;
			sourceTree = "<group>";
		};
		C8C66A572F0BB6BA00A242F3 /* Model */ = {
			isa = PBXGroup;
			children = (
				C8C66A582F0BB77500A242F3 /* DTOs */,
				C8C66A5B2F0BB79000A242F3 /* Film.swift */,
			);
			path = Model;
			sourceTree = "<group>";
		};
		C8C66A582F0BB77500A242F3 /* DTOs */ = {
			isa = PBXGroup;
			children = (
				C8C66A592F0BB78200A242F3 /* FilmDTO.swift */,
			);
			path = DTOs;
			sourceTree = "<group>";
		};
		C8C66A5D2F0BB80500A242F3 /* Repository */ = {
			isa = PBXGroup;
			children = (
				C8C66A5E2F0BB82600A242F3 /* NetworkRepository.swift */,
			);
			path = Repository;
			sourceTree = "<group>";
		};
		C8C66A602F0BB86A00A242F3 /* Interface */ = {
			isa = PBXGroup;
			children = (
				C8C66A612F0BB87600A242F3 /* URL.swift */,
				C8C66A622F0BB87600A242F3 /* URLRequest.swift */,
				C8C66A632F0BB87600A242F3 /* NetworkError.swift */,
				C8C66A642F0BB87600A242F3 /* NetworkInteractor.swift */,
				C8C66A652F0BB87600A242F3 /* URLSession.swift */,
				C8C66A702F0BBED000A242F3 /* ImageDownloader.swift */,
			);
			path = Interface;
			sourceTree = "<group>";
		};
		C8C66A6B2F0BB98E00A242F3 /* ViewModels */ = {
			isa = PBXGroup;
			children = (
				C8C66A6C2F0BBA6200A242F3 /* FilmViewModel.swift */,
			);
			path = ViewModels;
			sourceTree = "<group>";
		};
/* End PBXGroup section */

/* Begin PBXNativeTarget section */
		C8C66A3F2F0BB4EE00A242F3 /* Ghibli films */ = {
			isa = PBXNativeTarget;
			buildConfigurationList = C8C66A4B2F0BB4F000A242F3 /* Build configuration list for PBXNativeTarget "Ghibli films" */;
			buildPhases = (
				C8C66A3C2F0BB4EE00A242F3 /* Sources */,
				C8C66A3D2F0BB4EE00A242F3 /* Frameworks */,
				C8C66A3E2F0BB4EE00A242F3 /* Resources */,
			);
			buildRules = (
			);
			dependencies = (
			);
			name = "Ghibli films";
			packageProductDependencies = (
			);
			productName = "Ghibli films";
			productReference = C8C66A402F0BB4EE00A242F3 /* Ghibli films.app */;
			productType = "com.apple.product-type.application";
		};
/* End PBXNativeTarget section */

/* Begin PBXProject section */
		C8C66A382F0BB4EE00A242F3 /* Project object */ = {
			isa = PBXProject;
			attributes = {
				BuildIndependentTargetsInParallel = 1;
				LastSwiftUpdateCheck = 2620;
				LastUpgradeCheck = 2620;
				TargetAttributes = {
					C8C66A3F2F0BB4EE00A242F3 = {
						CreatedOnToolsVersion = 26.2;
					};
				};
			};
			buildConfigurationList = C8C66A3B2F0BB4EE00A242F3 /* Build configuration list for PBXProject "Ghibli films" */;
			developmentRegion = en;
			hasScannedForEncodings = 0;
			knownRegions = (
				en,
				Base,
			);
			mainGroup = C8C66A372F0BB4EE00A242F3;
			minimizedProjectReferenceProxies = 1;
			preferredProjectObjectVersion = 77;
			productRefGroup = C8C66A412F0BB4EE00A242F3 /* Products */;
			projectDirPath = "";
			projectRoot = "";
			targets = (
				C8C66A3F2F0BB4EE00A242F3 /* Ghibli films */,
			);
		};
/* End PBXProject section */

/* Begin PBXResourcesBuildPhase section */
		C8C66A3E2F0BB4EE00A242F3 /* Resources */ = {
			isa = PBXResourcesBuildPhase;
			buildActionMask = 2147483647;
			files = (
				C8C66A522F0BB59700A242F3 /* Assets.xcassets in Resources */,
			);
			runOnlyForDeploymentPostprocessing = 0;
		};
/* End PBXResourcesBuildPhase section */

/* Begin PBXSourcesBuildPhase section */
		C8C66A3C2F0BB4EE00A242F3 /* Sources */ = {
			isa = PBXSourcesBuildPhase;
			buildActionMask = 2147483647;
			files = (
				C8C66A6F2F0BBBD500A242F3 /* FilmsListView.swift in Sources */,
				C8C66A532F0BB59700A242F3 /* ContentView.swift in Sources */,
				C8C66A712F0BBED000A242F3 /* ImageDownloader.swift in Sources */,
				C8C66A5C2F0BB79000A242F3 /* Film.swift in Sources */,
				C8C66A662F0BB87600A242F3 /* NetworkError.swift in Sources */,
				C8C66A672F0BB87600A242F3 /* NetworkInteractor.swift in Sources */,
				C8C66A682F0BB87600A242F3 /* URL.swift in Sources */,
				C8C66A6D2F0BBA6200A242F3 /* FilmViewModel.swift in Sources */,
				C8C66A692F0BB87600A242F3 /* URLSession.swift in Sources */,
				C8C66A6A2F0BB87600A242F3 /* URLRequest.swift in Sources */,
				C8C66A5A2F0BB78200A242F3 /* FilmDTO.swift in Sources */,
				C8C66A5F2F0BB82600A242F3 /* NetworkRepository.swift in Sources */,
				C8C66A542F0BB59700A242F3 /* Ghibli_filmsApp.swift in Sources */,
			);
			runOnlyForDeploymentPostprocessing = 0;
		};
/* End PBXSourcesBuildPhase section */

/* Begin XCBuildConfiguration section */
		C8C66A492F0BB4F000A242F3 /* Debug */ = {
			isa = XCBuildConfiguration;
			buildSettings = {
				ALWAYS_SEARCH_USER_PATHS = NO;
				ASSETCATALOG_COMPILER_GENERATE_SWIFT_ASSET_SYMBOL_EXTENSIONS = YES;
				CLANG_ANALYZER_NONNULL = YES;
				CLANG_ANALYZER_NUMBER_OBJECT_CONVERSION = YES_AGGRESSIVE;
				CLANG_CXX_LANGUAGE_STANDARD = "gnu++20";
				CLANG_ENABLE_MODULES = YES;
				CLANG_ENABLE_OBJC_ARC = YES;
				CLANG_ENABLE_OBJC_WEAK = YES;
				CLANG_WARN_BLOCK_CAPTURE_AUTORELEASING = YES;
				CLANG_WARN_BOOL_CONVERSION = YES;
				CLANG_WARN_COMMA = YES;
				CLANG_WARN_CONSTANT_CONVERSION = YES;
				CLANG_WARN_DEPRECATED_OBJC_IMPLEMENTATIONS = YES;
				CLANG_WARN_DIRECT_OBJC_ISA_USAGE = YES_ERROR;
				CLANG_WARN_DOCUMENTATION_COMMENTS = YES;
				CLANG_WARN_EMPTY_BODY = YES;
				CLANG_WARN_ENUM_CONVERSION = YES;
				CLANG_WARN_INFINITE_RECURSION = YES;
				CLANG_WARN_INT_CONVERSION = YES;
				CLANG_WARN_NON_LITERAL_NULL_CONVERSION = YES;
				CLANG_WARN_OBJC_IMPLICIT_RETAIN_SELF = YES;
				CLANG_WARN_OBJC_LITERAL_CONVERSION = YES;
				CLANG_WARN_OBJC_ROOT_CLASS = YES_ERROR;
				CLANG_WARN_QUOTED_INCLUDE_IN_FRAMEWORK_HEADER = YES;
				CLANG_WARN_RANGE_LOOP_ANALYSIS = YES;
				CLANG_WARN_STRICT_PROTOTYPES = YES;
				CLANG_WARN_SUSPICIOUS_MOVE = YES;
				CLANG_WARN_UNGUARDED_AVAILABILITY = YES_AGGRESSIVE;
				CLANG_WARN_UNREACHABLE_CODE = YES;
				CLANG_WARN__DUPLICATE_METHOD_MATCH = YES;
				COPY_PHASE_STRIP = NO;
				DEBUG_INFORMATION_FORMAT = dwarf;
				ENABLE_STRICT_OBJC_MSGSEND = YES;
				ENABLE_TESTABILITY = YES;
				ENABLE_USER_SCRIPT_SANDBOXING = YES;
				GCC_C_LANGUAGE_STANDARD = gnu17;
				GCC_DYNAMIC_NO_PIC = NO;
				GCC_NO_COMMON_BLOCKS = YES;
				GCC_OPTIMIZATION_LEVEL = 0;
				GCC_PREPROCESSOR_DEFINITIONS = (
					"DEBUG=1",
					"$(inherited)",
				);
				GCC_WARN_64_TO_32_BIT_CONVERSION = YES;
				GCC_WARN_ABOUT_RETURN_TYPE = YES_ERROR;
				GCC_WARN_UNDECLARED_SELECTOR = YES;
				GCC_WARN_UNINITIALIZED_AUTOS = YES_AGGRESSIVE;
				GCC_WARN_UNUSED_FUNCTION = YES;
				GCC_WARN_UNUSED_VARIABLE = YES;
				IPHONEOS_DEPLOYMENT_TARGET = 26.2;
				LOCALIZATION_PREFERS_STRING_CATALOGS = YES;
				MTL_ENABLE_DEBUG_INFO = INCLUDE_SOURCE;
				MTL_FAST_MATH = YES;
				ONLY_ACTIVE_ARCH = YES;
				SDKROOT = iphoneos;
				SWIFT_ACTIVE_COMPILATION_CONDITIONS = "DEBUG $(inherited)";
				SWIFT_OPTIMIZATION_LEVEL = "-Onone";
			};
			name = Debug;
		};
		C8C66A4A2F0BB4F000A242F3 /* Release */ = {
			isa = XCBuildConfiguration;
			buildSettings = {
				ALWAYS_SEARCH_USER_PATHS = NO;
				ASSETCATALOG_COMPILER_GENERATE_SWIFT_ASSET_SYMBOL_EXTENSIONS = YES;
				CLANG_ANALYZER_NONNULL = YES;
				CLANG_ANALYZER_NUMBER_OBJECT_CONVERSION = YES_AGGRESSIVE;
				CLANG_CXX_LANGUAGE_STANDARD = "gnu++20";
				CLANG_ENABLE_MODULES = YES;
				CLANG_ENABLE_OBJC_ARC = YES;
				CLANG_ENABLE_OBJC_WEAK = YES;
				CLANG_WARN_BLOCK_CAPTURE_AUTORELEASING = YES;
				CLANG_WARN_BOOL_CONVERSION = YES;
				CLANG_WARN_COMMA = YES;
				CLANG_WARN_CONSTANT_CONVERSION = YES;
				CLANG_WARN_DEPRECATED_OBJC_IMPLEMENTATIONS = YES;
				CLANG_WARN_DIRECT_OBJC_ISA_USAGE = YES_ERROR;
				CLANG_WARN_DOCUMENTATION_COMMENTS = YES;
				CLANG_WARN_EMPTY_BODY = YES;
				CLANG_WARN_ENUM_CONVERSION = YES;
				CLANG_WARN_INFINITE_RECURSION = YES;
				CLANG_WARN_INT_CONVERSION = YES;
				CLANG_WARN_NON_LITERAL_NULL_CONVERSION = YES;
				CLANG_WARN_OBJC_IMPLICIT_RETAIN_SELF = YES;
				CLANG_WARN_OBJC_LITERAL_CONVERSION = YES;
				CLANG_WARN_OBJC_ROOT_CLASS = YES_ERROR;
				CLANG_WARN_QUOTED_INCLUDE_IN_FRAMEWORK_HEADER = YES;
				CLANG_WARN_RANGE_LOOP_ANALYSIS = YES;
				CLANG_WARN_STRICT_PROTOTYPES = YES;
				CLANG_WARN_SUSPICIOUS_MOVE = YES;
				CLANG_WARN_UNGUARDED_AVAILABILITY = YES_AGGRESSIVE;
				CLANG_WARN_UNREACHABLE_CODE = YES;
				CLANG_WARN__DUPLICATE_METHOD_MATCH = YES;
				COPY_PHASE_STRIP = NO;
				DEBUG_INFORMATION_FORMAT = "dwarf-with-dsym";
				ENABLE_NS_ASSERTIONS = NO;
				ENABLE_STRICT_OBJC_MSGSEND = YES;
				ENABLE_USER_SCRIPT_SANDBOXING = YES;
				GCC_C_LANGUAGE_STANDARD = gnu17;
				GCC_NO_COMMON_BLOCKS = YES;
				GCC_WARN_64_TO_32_BIT_CONVERSION = YES;
				GCC_WARN_ABOUT_RETURN_TYPE = YES_ERROR;
				GCC_WARN_UNDECLARED_SELECTOR = YES;
				GCC_WARN_UNINITIALIZED_AUTOS = YES_AGGRESSIVE;
				GCC_WARN_UNUSED_FUNCTION = YES;
				GCC_WARN_UNUSED_VARIABLE = YES;
				IPHONEOS_DEPLOYMENT_TARGET = 26.2;
				LOCALIZATION_PREFERS_STRING_CATALOGS = YES;
				MTL_ENABLE_DEBUG_INFO = NO;
				MTL_FAST_MATH = YES;
				SDKROOT = iphoneos;
				SWIFT_COMPILATION_MODE = wholemodule;
				VALIDATE_PRODUCT = YES;
			};
			name = Release;
		};
		C8C66A4C2F0BB4F000A242F3 /* Debug */ = {
			isa = XCBuildConfiguration;
			buildSettings = {
				ASSETCATALOG_COMPILER_APPICON_NAME = AppIcon;
				ASSETCATALOG_COMPILER_GLOBAL_ACCENT_COLOR_NAME = AccentColor;
				CODE_SIGN_STYLE = Automatic;
				CURRENT_PROJECT_VERSION = 1;
				ENABLE_PREVIEWS = YES;
				GENERATE_INFOPLIST_FILE = YES;
				INFOPLIST_KEY_UIApplicationSceneManifest_Generation = YES;
				INFOPLIST_KEY_UIApplicationSupportsIndirectInputEvents = YES;
				INFOPLIST_KEY_UILaunchScreen_Generation = YES;
				INFOPLIST_KEY_UISupportedInterfaceOrientations_iPad = "UIInterfaceOrientationPortrait UIInterfaceOrientationPortraitUpsideDown UIInterfaceOrientationLandscapeLeft UIInterfaceOrientationLandscapeRight";
				INFOPLIST_KEY_UISupportedInterfaceOrientations_iPhone = "UIInterfaceOrientationPortrait UIInterfaceOrientationLandscapeLeft UIInterfaceOrientationLandscapeRight";
				LD_RUNPATH_SEARCH_PATHS = (
					"$(inherited)",
					"@executable_path/Frameworks",
				);
				MARKETING_VERSION = 1.0;
				PRODUCT_BUNDLE_IDENTIFIER = "joseluis.corral.lopez.Ghibli-films";
				PRODUCT_NAME = "$(TARGET_NAME)";
				STRING_CATALOG_GENERATE_SYMBOLS = YES;
				SWIFT_APPROACHABLE_CONCURRENCY = YES;
				SWIFT_DEFAULT_ACTOR_ISOLATION = MainActor;
				SWIFT_EMIT_LOC_STRINGS = YES;
				SWIFT_UPCOMING_FEATURE_MEMBER_IMPORT_VISIBILITY = YES;
				SWIFT_VERSION = 5.0;
				TARGETED_DEVICE_FAMILY = "1,2";
			};
			name = Debug;
		};
		C8C66A4D2F0BB4F000A242F3 /* Release */ = {
			isa = XCBuildConfiguration;
			buildSettings = {
				ASSETCATALOG_COMPILER_APPICON_NAME = AppIcon;
				ASSETCATALOG_COMPILER_GLOBAL_ACCENT_COLOR_NAME = AccentColor;
				CODE_SIGN_STYLE = Automatic;
				CURRENT_PROJECT_VERSION = 1;
				ENABLE_PREVIEWS = YES;
				GENERATE_INFOPLIST_FILE = YES;
				INFOPLIST_KEY_UIApplicationSceneManifest_Generation = YES;
				INFOPLIST_KEY_UIApplicationSupportsIndirectInputEvents = YES;
				INFOPLIST_KEY_UILaunchScreen_Generation = YES;
				INFOPLIST_KEY_UISupportedInterfaceOrientations_iPad = "UIInterfaceOrientationPortrait UIInterfaceOrientationPortraitUpsideDown UIInterfaceOrientationLandscapeLeft UIInterfaceOrientationLandscapeRight";
				INFOPLIST_KEY_UISupportedInterfaceOrientations_iPhone = "UIInterfaceOrientationPortrait UIInterfaceOrientationLandscapeLeft UIInterfaceOrientationLandscapeRight";
				LD_RUNPATH_SEARCH_PATHS = (
					"$(inherited)",
					"@executable_path/Frameworks",
				);
				MARKETING_VERSION = 1.0;
				PRODUCT_BUNDLE_IDENTIFIER = "joseluis.corral.lopez.Ghibli-films";
				PRODUCT_NAME = "$(TARGET_NAME)";
				STRING_CATALOG_GENERATE_SYMBOLS = YES;
				SWIFT_APPROACHABLE_CONCURRENCY = YES;
				SWIFT_DEFAULT_ACTOR_ISOLATION = MainActor;
				SWIFT_EMIT_LOC_STRINGS = YES;
				SWIFT_UPCOMING_FEATURE_MEMBER_IMPORT_VISIBILITY = YES;
				SWIFT_VERSION = 5.0;
				TARGETED_DEVICE_FAMILY = "1,2";
			};
			name = Release;
		};
/* End XCBuildConfiguration section */

/* Begin XCConfigurationList section */
		C8C66A3B2F0BB4EE00A242F3 /* Build configuration list for PBXProject "Ghibli films" */ = {
			isa = XCConfigurationList;
			buildConfigurations = (
				C8C66A492F0BB4F000A242F3 /* Debug */,
				C8C66A4A2F0BB4F000A242F3 /* Release */,
			);
			defaultConfigurationIsVisible = 0;
			defaultConfigurationName = Release;
		};
		C8C66A4B2F0BB4F000A242F3 /* Build configuration list for PBXNativeTarget "Ghibli films" */ = {
			isa = XCConfigurationList;
			buildConfigurations = (
				C8C66A4C2F0BB4F000A242F3 /* Debug */,
				C8C66A4D2F0BB4F000A242F3 /* Release */,
			);
			defaultConfigurationIsVisible = 0;
			defaultConfigurationName = Release;
		};
/* End XCConfigurationList section */
	};
	rootObject = C8C66A382F0BB4EE00A242F3 /* Project object */;
}
